// !$*UTF8*$!
{
	archiveVersion = 1;
	classes = {
	};
	objectVersion = 77;
	objects = {

/* Begin PBXBuildFile section */
		C187CC912E7F11E9008DE02C /* SDWebImageSwiftUI in Frameworks */ = {isa = PBXBuildFile; productRef = C187CC902E7F11E9008DE02C /* SDWebImageSwiftUI */; };
		C190C6C22EC8515500882D5E /* FirebaseAI in Frameworks */ = {isa = PBXBuildFile; productRef = C190C6C12EC8515500882D5E /* FirebaseAI */; };
		C190C6C42EC8515500882D5E /* FirebaseAILogic in Frameworks */ = {isa = PBXBuildFile; productRef = C190C6C32EC8515500882D5E /* FirebaseAILogic */; };
		C190C6C62EC8515500882D5E /* FirebaseAnalytics in Frameworks */ = {isa = PBXBuildFile; productRef = C190C6C52EC8515500882D5E /* FirebaseAnalytics */; };
		C190C6C82EC8515500882D5E /* FirebaseAuth in Frameworks */ = {isa = PBXBuildFile; productRef = C190C6C72EC8515500882D5E /* FirebaseAuth */; };
		C190C6CA2EC8515500882D5E /* FirebaseAuthCombine-Community in Frameworks */ = {isa = PBXBuildFile; productRef = C190C6C92EC8515500882D5E /* FirebaseAuthCombine-Community */; };
		C190C6CC2EC8515500882D5E /* FirebaseCore in Frameworks */ = {isa = PBXBuildFile; productRef = C190C6CB2EC8515500882D5E /* FirebaseCore */; };
		C190C6CE2EC8515500882D5E /* FirebaseDatabase in Frameworks */ = {isa = PBXBuildFile; productRef = C190C6CD2EC8515500882D5E /* FirebaseDatabase */; };
		C190C6D02EC8515500882D5E /* FirebaseFirestore in Frameworks */ = {isa = PBXBuildFile; productRef = C190C6CF2EC8515500882D5E /* FirebaseFirestore */; };
		C190C6D22EC8515500882D5E /* FirebaseFunctions in Frameworks */ = {isa = PBXBuildFile; productRef = C190C6D12EC8515500882D5E /* FirebaseFunctions */; };
		C190C6D42EC8515500882D5E /* FirebaseInstallations in Frameworks */ = {isa = PBXBuildFile; productRef = C190C6D32EC8515500882D5E /* FirebaseInstallations */; };
		C190C6D62EC8515500882D5E /* FirebasePerformance in Frameworks */ = {isa = PBXBuildFile; productRef = C190C6D52EC8515500882D5E /* FirebasePerformance */; };
		C190C6D82EC8515500882D5E /* FirebaseRemoteConfig in Frameworks */ = {isa = PBXBuildFile; productRef = C190C6D72EC8515500882D5E /* FirebaseRemoteConfig */; };
		C190C6DA2EC8515500882D5E /* FirebaseStorage in Frameworks */ = {isa = PBXBuildFile; productRef = C190C6D92EC8515500882D5E /* FirebaseStorage */; };
		C190C6DC2EC8515500882D5E /* FirebaseStorageCombine-Community in Frameworks */ = {isa = PBXBuildFile; productRef = C190C6DB2EC8515500882D5E /* FirebaseStorageCombine-Community */; };
/* End PBXBuildFile section */

/* Begin PBXContainerItemProxy section */
		C187CC732E7F1179008DE02C /* PBXContainerItemProxy */ = {
			isa = PBXContainerItemProxy;
			containerPortal = C187CC5D2E7F1178008DE02C /* Project object */;
			proxyType = 1;
			remoteGlobalIDString = C187CC642E7F1178008DE02C;
			remoteInfo = Braincrack;
		};
		C187CC7D2E7F1179008DE02C /* PBXContainerItemProxy */ = {
			isa = PBXContainerItemProxy;
			containerPortal = C187CC5D2E7F1178008DE02C /* Project object */;
			proxyType = 1;
			remoteGlobalIDString = C187CC642E7F1178008DE02C;
			remoteInfo = Braincrack;
		};
/* End PBXContainerItemProxy section */

/* Begin PBXFileReference section */
		C187CC652E7F1178008DE02C /* Braincrack.app */ = {isa = PBXFileReference; explicitFileType = wrapper.application; includeInIndex = 0; path = Braincrack.app; sourceTree = BUILT_PRODUCTS_DIR; };
		C187CC722E7F1179008DE02C /* BraincrackTests.xctest */ = {isa = PBXFileReference; explicitFileType = wrapper.cfbundle; includeInIndex = 0; path = BraincrackTests.xctest; sourceTree = BUILT_PRODUCTS_DIR; };
		C187CC7C2E7F1179008DE02C /* BraincrackUITests.xctest */ = {isa = PBXFileReference; explicitFileType = wrapper.cfbundle; includeInIndex = 0; path = BraincrackUITests.xctest; sourceTree = BUILT_PRODUCTS_DIR; };
/* End PBXFileReference section */

/* Begin PBXFileSystemSynchronizedBuildFileExceptionSet section */
		C183ED422E84C43700B975A6 /* Exceptions for "Braincrack" folder in "Braincrack" target */ = {
			isa = PBXFileSystemSynchronizedBuildFileExceptionSet;
			membershipExceptions = (
				Info.plist,
			);
			target = C187CC642E7F1178008DE02C /* Braincrack */;
		};
/* End PBXFileSystemSynchronizedBuildFileExceptionSet section */

/* Begin PBXFileSystemSynchronizedRootGroup section */
		C187CC672E7F1178008DE02C /* Braincrack */ = {
			isa = PBXFileSystemSynchronizedRootGroup;
			exceptions = (
				C183ED422E84C43700B975A6 /* Exceptions for "Braincrack" folder in "Braincrack" target */,
			);
			path = Braincrack;
			sourceTree = "<group>";
		};
		C187CC752E7F1179008DE02C /* BraincrackTests */ = {
			isa = PBXFileSystemSynchronizedRootGroup;
			path = BraincrackTests;
			sourceTree = "<group>";
		};
		C187CC7F2E7F1179008DE02C /* BraincrackUITests */ = {
			isa = PBXFileSystemSynchronizedRootGroup;
			path = BraincrackUITests;
			sourceTree = "<group>";
		};
/* End PBXFileSystemSynchronizedRootGroup section */

/* Begin PBXFrameworksBuildPhase section */
		C187CC622E7F1178008DE02C /* Frameworks */ = {
			isa = PBXFrameworksBuildPhase;
			buildActionMask = 2147483647;
			files = (
				C190C6D42EC8515500882D5E /* FirebaseInstallations in Frameworks */,
				C190C6C42EC8515500882D5E /* FirebaseAILogic in Frameworks */,
				C190C6D62EC8515500882D5E /* FirebasePerformance in Frameworks */,
				C190C6CA2EC8515500882D5E /* FirebaseAuthCombine-Community in Frameworks */,
				C190C6C82EC8515500882D5E /* FirebaseAuth in Frameworks */,
				C187CC912E7F11E9008DE02C /* SDWebImageSwiftUI in Frameworks */,
				C190C6CC2EC8515500882D5E /* FirebaseCore in Frameworks */,
				C190C6DC2EC8515500882D5E /* FirebaseStorageCombine-Community in Frameworks */,
				C190C6D02EC8515500882D5E /* FirebaseFirestore in Frameworks */,
				C190C6C62EC8515500882D5E /* FirebaseAnalytics in Frameworks */,
				C190C6D22EC8515500882D5E /* FirebaseFunctions in Frameworks */,
				C190C6D82EC8515500882D5E /* FirebaseRemoteConfig in Frameworks */,
				C190C6DA2EC8515500882D5E /* FirebaseStorage in Frameworks */,
				C190C6CE2EC8515500882D5E /* FirebaseDatabase in Frameworks */,
				C190C6C22EC8515500882D5E /* FirebaseAI in Frameworks */,
			);
			runOnlyForDeploymentPostprocessing = 0;
		};
		C187CC6F2E7F1179008DE02C /* Frameworks */ = {
			isa = PBXFrameworksBuildPhase;
			buildActionMask = 2147483647;
			files = (
			);
			runOnlyForDeploymentPostprocessing = 0;
		};
		C187CC792E7F1179008DE02C /* Frameworks */ = {
			isa = PBXFrameworksBuildPhase;
			buildActionMask = 2147483647;
			files = (
			);
			runOnlyForDeploymentPostprocessing = 0;
		};
/* End PBXFrameworksBuildPhase section */

/* Begin PBXGroup section */
		C187CC5C2E7F1178008DE02C = {
			isa = PBXGroup;
			children = (
				C187CC672E7F1178008DE02C /* Braincrack */,
				C187CC752E7F1179008DE02C /* BraincrackTests */,
				C187CC7F2E7F1179008DE02C /* BraincrackUITests */,
				C187CC662E7F1178008DE02C /* Products */,
			);
			sourceTree = "<group>";
		};
		C187CC662E7F1178008DE02C /* Products */ = {
			isa = PBXGroup;
			children = (
				C187CC652E7F1178008DE02C /* Braincrack.app */,
				C187CC722E7F1179008DE02C /* BraincrackTests.xctest */,
				C187CC7C2E7F1179008DE02C /* BraincrackUITests.xctest */,
			);
			name = Products;
			sourceTree = "<group>";
		};
/* End PBXGroup section */

/* Begin PBXNativeTarget section */
		C187CC642E7F1178008DE02C /* Braincrack */ = {
			isa = PBXNativeTarget;
			buildConfigurationList = C187CC862E7F1179008DE02C /* Build configuration list for PBXNativeTarget "Braincrack" */;
			buildPhases = (
				C187CC612E7F1178008DE02C /* Sources */,
				C187CC622E7F1178008DE02C /* Frameworks */,
				C187CC632E7F1178008DE02C /* Resources */,
			);
			buildRules = (
			);
			dependencies = (
			);
			fileSystemSynchronizedGroups = (
				C187CC672E7F1178008DE02C /* Braincrack */,
			);
			name = Braincrack;
			packageProductDependencies = (
				C187CC902E7F11E9008DE02C /* SDWebImageSwiftUI */,
				C190C6C12EC8515500882D5E /* FirebaseAI */,
				C190C6C32EC8515500882D5E /* FirebaseAILogic */,
				C190C6C52EC8515500882D5E /* FirebaseAnalytics */,
				C190C6C72EC8515500882D5E /* FirebaseAuth */,
				C190C6C92EC8515500882D5E /* FirebaseAuthCombine-Community */,
				C190C6CB2EC8515500882D5E /* FirebaseCore */,
				C190C6CD2EC8515500882D5E /* FirebaseDatabase */,
				C190C6CF2EC8515500882D5E /* FirebaseFirestore */,
				C190C6D12EC8515500882D5E /* FirebaseFunctions */,
				C190C6D32EC8515500882D5E /* FirebaseInstallations */,
				C190C6D52EC8515500882D5E /* FirebasePerformance */,
				C190C6D72EC8515500882D5E /* FirebaseRemoteConfig */,
				C190C6D92EC8515500882D5E /* FirebaseStorage */,
				C190C6DB2EC8515500882D5E /* FirebaseStorageCombine-Community */,
			);
			productName = Braincrack;
			productReference = C187CC652E7F1178008DE02C /* Braincrack.app */;
			productType = "com.apple.product-type.application";
		};
		C187CC712E7F1179008DE02C /* BraincrackTests */ = {
			isa = PBXNativeTarget;
			buildConfigurationList = C187CC892E7F1179008DE02C /* Build configuration list for PBXNativeTarget "BraincrackTests" */;
			buildPhases = (
				C187CC6E2E7F1179008DE02C /* Sources */,
				C187CC6F2E7F1179008DE02C /* Frameworks */,
				C187CC702E7F1179008DE02C /* Resources */,
			);
			buildRules = (
			);
			dependencies = (
				C187CC742E7F1179008DE02C /* PBXTargetDependency */,
			);
			fileSystemSynchronizedGroups = (
				C187CC752E7F1179008DE02C /* BraincrackTests */,
			);
			name = BraincrackTests;
			packageProductDependencies = (
			);
			productName = BraincrackTests;
			productReference = C187CC722E7F1179008DE02C /* BraincrackTests.xctest */;
			productType = "com.apple.product-type.bundle.unit-test";
		};
		C187CC7B2E7F1179008DE02C /* BraincrackUITests */ = {
			isa = PBXNativeTarget;
			buildConfigurationList = C187CC8C2E7F1179008DE02C /* Build configuration list for PBXNativeTarget "BraincrackUITests" */;
			buildPhases = (
				C187CC782E7F1179008DE02C /* Sources */,
				C187CC792E7F1179008DE02C /* Frameworks */,
				C187CC7A2E7F1179008DE02C /* Resources */,
			);
			buildRules = (
			);
			dependencies = (
				C187CC7E2E7F1179008DE02C /* PBXTargetDependency */,
			);
			fileSystemSynchronizedGroups = (
				C187CC7F2E7F1179008DE02C /* BraincrackUITests */,
			);
			name = BraincrackUITests;
			packageProductDependencies = (
			);
			productName = BraincrackUITests;
			productReference = C187CC7C2E7F1179008DE02C /* BraincrackUITests.xctest */;
			productType = "com.apple.product-type.bundle.ui-testing";
		};
/* End PBXNativeTarget section */

/* Begin PBXProject section */
		C187CC5D2E7F1178008DE02C /* Project object */ = {
			isa = PBXProject;
			attributes = {
				BuildIndependentTargetsInParallel = 1;
				LastSwiftUpdateCheck = 1640;
				LastUpgradeCheck = 2600;
				TargetAttributes = {
					C187CC642E7F1178008DE02C = {
						CreatedOnToolsVersion = 16.4;
					};
					C187CC712E7F1179008DE02C = {
						CreatedOnToolsVersion = 16.4;
						TestTargetID = C187CC642E7F1178008DE02C;
					};
					C187CC7B2E7F1179008DE02C = {
						CreatedOnToolsVersion = 16.4;
						TestTargetID = C187CC642E7F1178008DE02C;
					};
				};
			};
			buildConfigurationList = C187CC602E7F1178008DE02C /* Build configuration list for PBXProject "Braincrack" */;
			developmentRegion = en;
			hasScannedForEncodings = 0;
			knownRegions = (
				en,
				Base,
				de,
				"es-419",
			);
			mainGroup = C187CC5C2E7F1178008DE02C;
			minimizedProjectReferenceProxies = 1;
			packageReferences = (
				C187CC8F2E7F11E9008DE02C /* XCRemoteSwiftPackageReference "SDWebImageSwiftUI" */,
				C190C6C02EC8504300882D5E /* XCRemoteSwiftPackageReference "firebase-ios-sdk" */,
			);
			preferredProjectObjectVersion = 77;
			productRefGroup = C187CC662E7F1178008DE02C /* Products */;
			projectDirPath = "";
			projectRoot = "";
			targets = (
				C187CC642E7F1178008DE02C /* Braincrack */,
				C187CC712E7F1179008DE02C /* BraincrackTests */,
				C187CC7B2E7F1179008DE02C /* BraincrackUITests */,
			);
		};
/* End PBXProject section */

/* Begin PBXResourcesBuildPhase section */
		C187CC632E7F1178008DE02C /* Resources */ = {
			isa = PBXResourcesBuildPhase;
			buildActionMask = 2147483647;
			files = (
			);
			runOnlyForDeploymentPostprocessing = 0;
		};
		C187CC702E7F1179008DE02C /* Resources */ = {
			isa = PBXResourcesBuildPhase;
			buildActionMask = 2147483647;
			files = (
			);
			runOnlyForDeploymentPostprocessing = 0;
		};
		C187CC7A2E7F1179008DE02C /* Resources */ = {
			isa = PBXResourcesBuildPhase;
			buildActionMask = 2147483647;
			files = (
			);
			runOnlyForDeploymentPostprocessing = 0;
		};
/* End PBXResourcesBuildPhase section */

/* Begin PBXSourcesBuildPhase section */
		C187CC612E7F1178008DE02C /* Sources */ = {
			isa = PBXSourcesBuildPhase;
			buildActionMask = 2147483647;
			files = (
			);
			runOnlyForDeploymentPostprocessing = 0;
		};
		C187CC6E2E7F1179008DE02C /* Sources */ = {
			isa = PBXSourcesBuildPhase;
			buildActionMask = 2147483647;
			files = (
			);
			runOnlyForDeploymentPostprocessing = 0;
		};
		C187CC782E7F1179008DE02C /* Sources */ = {
			isa = PBXSourcesBuildPhase;
			buildActionMask = 2147483647;
			files = (
			);
			runOnlyForDeploymentPostprocessing = 0;
		};
/* End PBXSourcesBuildPhase section */

/* Begin PBXTargetDependency section */
		C187CC742E7F1179008DE02C /* PBXTargetDependency */ = {
			isa = PBXTargetDependency;
			target = C187CC642E7F1178008DE02C /* Braincrack */;
			targetProxy = C187CC732E7F1179008DE02C /* PBXContainerItemProxy */;
		};
		C187CC7E2E7F1179008DE02C /* PBXTargetDependency */ = {
			isa = PBXTargetDependency;
			target = C187CC642E7F1178008DE02C /* Braincrack */;
			targetProxy = C187CC7D2E7F1179008DE02C /* PBXContainerItemProxy */;
		};
/* End PBXTargetDependency section */

/* Begin XCBuildConfiguration section */
		C187CC842E7F1179008DE02C /* Debug */ = {
			isa = XCBuildConfiguration;
			buildSettings = {
				ALWAYS_SEARCH_USER_PATHS = NO;
				ASSETCATALOG_COMPILER_GENERATE_SWIFT_ASSET_SYMBOL_EXTENSIONS = YES;
				CLANG_ANALYZER_LOCALIZABILITY_NONLOCALIZED = YES;
				CLANG_ANALYZER_NONNULL = YES;
				CLANG_ANALYZER_NUMBER_OBJECT_CONVERSION = YES_AGGRESSIVE;
				CLANG_CXX_LANGUAGE_STANDARD = "gnu++20";
				CLANG_ENABLE_MODULES = YES;
				CLANG_ENABLE_OBJC_ARC = YES;
				CLANG_ENABLE_OBJC_WEAK = YES;
				CLANG_WARN_BLOCK_CAPTURE_AUTORELEASING = YES;
				CLANG_WARN_BOOL_CONVERSION = YES;
				CLANG_WARN_COMMA = YES;
				CLANG_WARN_CONSTANT_CONVERSION = YES;
				CLANG_WARN_DEPRECATED_OBJC_IMPLEMENTATIONS = YES;
				CLANG_WARN_DIRECT_OBJC_ISA_USAGE = YES_ERROR;
				CLANG_WARN_DOCUMENTATION_COMMENTS = YES;
				CLANG_WARN_EMPTY_BODY = YES;
				CLANG_WARN_ENUM_CONVERSION = YES;
				CLANG_WARN_INFINITE_RECURSION = YES;
				CLANG_WARN_INT_CONVERSION = YES;
				CLANG_WARN_NON_LITERAL_NULL_CONVERSION = YES;
				CLANG_WARN_OBJC_IMPLICIT_RETAIN_SELF = YES;
				CLANG_WARN_OBJC_LITERAL_CONVERSION = YES;
				CLANG_WARN_OBJC_ROOT_CLASS = YES_ERROR;
				CLANG_WARN_QUOTED_INCLUDE_IN_FRAMEWORK_HEADER = YES;
				CLANG_WARN_RANGE_LOOP_ANALYSIS = YES;
				CLANG_WARN_STRICT_PROTOTYPES = YES;
				CLANG_WARN_SUSPICIOUS_MOVE = YES;
				CLANG_WARN_UNGUARDED_AVAILABILITY = YES_AGGRESSIVE;
				CLANG_WARN_UNREACHABLE_CODE = YES;
				CLANG_WARN__DUPLICATE_METHOD_MATCH = YES;
				COPY_PHASE_STRIP = NO;
				DEBUG_INFORMATION_FORMAT = dwarf;
				DEVELOPMENT_TEAM = 9336KN857M;
				ENABLE_STRICT_OBJC_MSGSEND = YES;
				ENABLE_TESTABILITY = YES;
				ENABLE_USER_SCRIPT_SANDBOXING = YES;
				GCC_C_LANGUAGE_STANDARD = gnu17;
				GCC_DYNAMIC_NO_PIC = NO;
				GCC_NO_COMMON_BLOCKS = YES;
				GCC_OPTIMIZATION_LEVEL = 0;
				GCC_PREPROCESSOR_DEFINITIONS = (
					"DEBUG=1",
					"$(inherited)",
				);
				GCC_WARN_64_TO_32_BIT_CONVERSION = YES;
				GCC_WARN_ABOUT_RETURN_TYPE = YES_ERROR;
				GCC_WARN_UNDECLARED_SELECTOR = YES;
				GCC_WARN_UNINITIALIZED_AUTOS = YES_AGGRESSIVE;
				GCC_WARN_UNUSED_FUNCTION = YES;
				GCC_WARN_UNUSED_VARIABLE = YES;
				IPHONEOS_DEPLOYMENT_TARGET = 18.5;
				LOCALIZATION_PREFERS_STRING_CATALOGS = YES;
				MTL_ENABLE_DEBUG_INFO = INCLUDE_SOURCE;
				MTL_FAST_MATH = YES;
				ONLY_ACTIVE_ARCH = YES;
				SDKROOT = iphoneos;
				STRING_CATALOG_GENERATE_SYMBOLS = YES;
				SWIFT_ACTIVE_COMPILATION_CONDITIONS = "DEBUG $(inherited)";
				SWIFT_OPTIMIZATION_LEVEL = "-Onone";
			};
			name = Debug;
		};
		C187CC852E7F1179008DE02C /* Release */ = {
			isa = XCBuildConfiguration;
			buildSettings = {
				ALWAYS_SEARCH_USER_PATHS = NO;
				ASSETCATALOG_COMPILER_GENERATE_SWIFT_ASSET_SYMBOL_EXTENSIONS = YES;
				CLANG_ANALYZER_LOCALIZABILITY_NONLOCALIZED = YES;
				CLANG_ANALYZER_NONNULL = YES;
				CLANG_ANALYZER_NUMBER_OBJECT_CONVERSION = YES_AGGRESSIVE;
				CLANG_CXX_LANGUAGE_STANDARD = "gnu++20";
				CLANG_ENABLE_MODULES = YES;
				CLANG_ENABLE_OBJC_ARC = YES;
				CLANG_ENABLE_OBJC_WEAK = YES;
				CLANG_WARN_BLOCK_CAPTURE_AUTORELEASING = YES;
				CLANG_WARN_BOOL_CONVERSION = YES;
				CLANG_WARN_COMMA = YES;
				CLANG_WARN_CONSTANT_CONVERSION = YES;
				CLANG_WARN_DEPRECATED_OBJC_IMPLEMENTATIONS = YES;
				CLANG_WARN_DIRECT_OBJC_ISA_USAGE = YES_ERROR;
				CLANG_WARN_DOCUMENTATION_COMMENTS = YES;
				CLANG_WARN_EMPTY_BODY = YES;
				CLANG_WARN_ENUM_CONVERSION = YES;
				CLANG_WARN_INFINITE_RECURSION = YES;
				CLANG_WARN_INT_CONVERSION = YES;
				CLANG_WARN_NON_LITERAL_NULL_CONVERSION = YES;
				CLANG_WARN_OBJC_IMPLICIT_RETAIN_SELF = YES;
				CLANG_WARN_OBJC_LITERAL_CONVERSION = YES;
				CLANG_WARN_OBJC_ROOT_CLASS = YES_ERROR;
				CLANG_WARN_QUOTED_INCLUDE_IN_FRAMEWORK_HEADER = YES;
				CLANG_WARN_RANGE_LOOP_ANALYSIS = YES;
				CLANG_WARN_STRICT_PROTOTYPES = YES;
				CLANG_WARN_SUSPICIOUS_MOVE = YES;
				CLANG_WARN_UNGUARDED_AVAILABILITY = YES_AGGRESSIVE;
				CLANG_WARN_UNREACHABLE_CODE = YES;
				CLANG_WARN__DUPLICATE_METHOD_MATCH = YES;
				COPY_PHASE_STRIP = NO;
				DEBUG_INFORMATION_FORMAT = "dwarf-with-dsym";
				DEVELOPMENT_TEAM = 9336KN857M;
				ENABLE_NS_ASSERTIONS = NO;
				ENABLE_STRICT_OBJC_MSGSEND = YES;
				ENABLE_USER_SCRIPT_SANDBOXING = YES;
				GCC_C_LANGUAGE_STANDARD = gnu17;
				GCC_NO_COMMON_BLOCKS = YES;
				GCC_WARN_64_TO_32_BIT_CONVERSION = YES;
				GCC_WARN_ABOUT_RETURN_TYPE = YES_ERROR;
				GCC_WARN_UNDECLARED_SELECTOR = YES;
				GCC_WARN_UNINITIALIZED_AUTOS = YES_AGGRESSIVE;
				GCC_WARN_UNUSED_FUNCTION = YES;
				GCC_WARN_UNUSED_VARIABLE = YES;
				IPHONEOS_DEPLOYMENT_TARGET = 18.5;
				LOCALIZATION_PREFERS_STRING_CATALOGS = YES;
				MTL_ENABLE_DEBUG_INFO = NO;
				MTL_FAST_MATH = YES;
				SDKROOT = iphoneos;
				STRING_CATALOG_GENERATE_SYMBOLS = YES;
				SWIFT_COMPILATION_MODE = wholemodule;
				VALIDATE_PRODUCT = YES;
			};
			name = Release;
		};
		C187CC872E7F1179008DE02C /* Debug */ = {
			isa = XCBuildConfiguration;
			buildSettings = {
				ASSETCATALOG_COMPILER_APPICON_NAME = AppIcon;
				ASSETCATALOG_COMPILER_GLOBAL_ACCENT_COLOR_NAME = AccentColor;
				CODE_SIGN_STYLE = Automatic;
				CURRENT_PROJECT_VERSION = 1;
				DEVELOPMENT_TEAM = 9336KN857M;
				ENABLE_PREVIEWS = YES;
				GENERATE_INFOPLIST_FILE = YES;
				INFOPLIST_FILE = Braincrack/Info.plist;
				INFOPLIST_KEY_UIApplicationSceneManifest_Generation = YES;
				INFOPLIST_KEY_UIApplicationSupportsIndirectInputEvents = YES;
				INFOPLIST_KEY_UILaunchScreen_Generation = YES;
				INFOPLIST_KEY_UISupportedInterfaceOrientations_iPad = "UIInterfaceOrientationPortrait UIInterfaceOrientationPortraitUpsideDown UIInterfaceOrientationLandscapeLeft UIInterfaceOrientationLandscapeRight";
				INFOPLIST_KEY_UISupportedInterfaceOrientations_iPhone = "UIInterfaceOrientationPortrait UIInterfaceOrientationLandscapeLeft UIInterfaceOrientationLandscapeRight";
				LD_RUNPATH_SEARCH_PATHS = (
					"$(inherited)",
					"@executable_path/Frameworks",
				);
				MARKETING_VERSION = 1.0;
				PRODUCT_BUNDLE_IDENTIFIER = Iest.edu.Braincrack;
				PRODUCT_NAME = "$(TARGET_NAME)";
				SWIFT_EMIT_LOC_STRINGS = YES;
				SWIFT_VERSION = 5.0;
				TARGETED_DEVICE_FAMILY = "1,2";
			};
			name = Debug;
		};
		C187CC882E7F1179008DE02C /* Release */ = {
			isa = XCBuildConfiguration;
			buildSettings = {
				ASSETCATALOG_COMPILER_APPICON_NAME = AppIcon;
				ASSETCATALOG_COMPILER_GLOBAL_ACCENT_COLOR_NAME = AccentColor;
				CODE_SIGN_STYLE = Automatic;
				CURRENT_PROJECT_VERSION = 1;
				DEVELOPMENT_TEAM = 9336KN857M;
				ENABLE_PREVIEWS = YES;
				GENERATE_INFOPLIST_FILE = YES;
				INFOPLIST_FILE = Braincrack/Info.plist;
				INFOPLIST_KEY_UIApplicationSceneManifest_Generation = YES;
				INFOPLIST_KEY_UIApplicationSupportsIndirectInputEvents = YES;
				INFOPLIST_KEY_UILaunchScreen_Generation = YES;
				INFOPLIST_KEY_UISupportedInterfaceOrientations_iPad = "UIInterfaceOrientationPortrait UIInterfaceOrientationPortraitUpsideDown UIInterfaceOrientationLandscapeLeft UIInterfaceOrientationLandscapeRight";
				INFOPLIST_KEY_UISupportedInterfaceOrientations_iPhone = "UIInterfaceOrientationPortrait UIInterfaceOrientationLandscapeLeft UIInterfaceOrientationLandscapeRight";
				LD_RUNPATH_SEARCH_PATHS = (
					"$(inherited)",
					"@executable_path/Frameworks",
				);
				MARKETING_VERSION = 1.0;
				PRODUCT_BUNDLE_IDENTIFIER = Iest.edu.Braincrack;
				PRODUCT_NAME = "$(TARGET_NAME)";
				SWIFT_EMIT_LOC_STRINGS = YES;
				SWIFT_VERSION = 5.0;
				TARGETED_DEVICE_FAMILY = "1,2";
			};
			name = Release;
		};
		C187CC8A2E7F1179008DE02C /* Debug */ = {
			isa = XCBuildConfiguration;
			buildSettings = {
				BUNDLE_LOADER = "$(TEST_HOST)";
				CODE_SIGN_STYLE = Automatic;
				CURRENT_PROJECT_VERSION = 1;
				DEVELOPMENT_TEAM = 9336KN857M;
				GENERATE_INFOPLIST_FILE = YES;
				IPHONEOS_DEPLOYMENT_TARGET = 18.5;
				MARKETING_VERSION = 1.0;
				PRODUCT_BUNDLE_IDENTIFIER = Iest.edu.BraincrackTests;
				PRODUCT_NAME = "$(TARGET_NAME)";
				SWIFT_EMIT_LOC_STRINGS = NO;
				SWIFT_VERSION = 5.0;
				TARGETED_DEVICE_FAMILY = "1,2";
				TEST_HOST = "$(BUILT_PRODUCTS_DIR)/Braincrack.app/$(BUNDLE_EXECUTABLE_FOLDER_PATH)/Braincrack";
			};
			name = Debug;
		};
		C187CC8B2E7F1179008DE02C /* Release */ = {
			isa = XCBuildConfiguration;
			buildSettings = {
				BUNDLE_LOADER = "$(TEST_HOST)";
				CODE_SIGN_STYLE = Automatic;
				CURRENT_PROJECT_VERSION = 1;
				DEVELOPMENT_TEAM = 9336KN857M;
				GENERATE_INFOPLIST_FILE = YES;
				IPHONEOS_DEPLOYMENT_TARGET = 18.5;
				MARKETING_VERSION = 1.0;
				PRODUCT_BUNDLE_IDENTIFIER = Iest.edu.BraincrackTests;
				PRODUCT_NAME = "$(TARGET_NAME)";
				SWIFT_EMIT_LOC_STRINGS = NO;
				SWIFT_VERSION = 5.0;
				TARGETED_DEVICE_FAMILY = "1,2";
				TEST_HOST = "$(BUILT_PRODUCTS_DIR)/Braincrack.app/$(BUNDLE_EXECUTABLE_FOLDER_PATH)/Braincrack";
			};
			name = Release;
		};
		C187CC8D2E7F1179008DE02C /* Debug */ = {
			isa = XCBuildConfiguration;
			buildSettings = {
				CODE_SIGN_STYLE = Automatic;
				CURRENT_PROJECT_VERSION = 1;
				DEVELOPMENT_TEAM = 9336KN857M;
				GENERATE_INFOPLIST_FILE = YES;
				MARKETING_VERSION = 1.0;
				PRODUCT_BUNDLE_IDENTIFIER = Iest.edu.BraincrackUITests;
				PRODUCT_NAME = "$(TARGET_NAME)";
				SWIFT_EMIT_LOC_STRINGS = NO;
				SWIFT_VERSION = 5.0;
				TARGETED_DEVICE_FAMILY = "1,2";
				TEST_TARGET_NAME = Braincrack;
			};
			name = Debug;
		};
		C187CC8E2E7F1179008DE02C /* Release */ = {
			isa = XCBuildConfiguration;
			buildSettings = {
				CODE_SIGN_STYLE = Automatic;
				CURRENT_PROJECT_VERSION = 1;
				DEVELOPMENT_TEAM = 9336KN857M;
				GENERATE_INFOPLIST_FILE = YES;
				MARKETING_VERSION = 1.0;
				PRODUCT_BUNDLE_IDENTIFIER = Iest.edu.BraincrackUITests;
				PRODUCT_NAME = "$(TARGET_NAME)";
				SWIFT_EMIT_LOC_STRINGS = NO;
				SWIFT_VERSION = 5.0;
				TARGETED_DEVICE_FAMILY = "1,2";
				TEST_TARGET_NAME = Braincrack;
			};
			name = Release;
		};
/* End XCBuildConfiguration section */

/* Begin XCConfigurationList section */
		C187CC602E7F1178008DE02C /* Build configuration list for PBXProject "Braincrack" */ = {
			isa = XCConfigurationList;
			buildConfigurations = (
				C187CC842E7F1179008DE02C /* Debug */,
				C187CC852E7F1179008DE02C /* Release */,
			);
			defaultConfigurationIsVisible = 0;
			defaultConfigurationName = Release;
		};
		C187CC862E7F1179008DE02C /* Build configuration list for PBXNativeTarget "Braincrack" */ = {
			isa = XCConfigurationList;
			buildConfigurations = (
				C187CC872E7F1179008DE02C /* Debug */,
				C187CC882E7F1179008DE02C /* Release */,
			);
			defaultConfigurationIsVisible = 0;
			defaultConfigurationName = Release;
		};
		C187CC892E7F1179008DE02C /* Build configuration list for PBXNativeTarget "BraincrackTests" */ = {
			isa = XCConfigurationList;
			buildConfigurations = (
				C187CC8A2E7F1179008DE02C /* Debug */,
				C187CC8B2E7F1179008DE02C /* Release */,
			);
			defaultConfigurationIsVisible = 0;
			defaultConfigurationName = Release;
		};
		C187CC8C2E7F1179008DE02C /* Build configuration list for PBXNativeTarget "BraincrackUITests" */ = {
			isa = XCConfigurationList;
			buildConfigurations = (
				C187CC8D2E7F1179008DE02C /* Debug */,
				C187CC8E2E7F1179008DE02C /* Release */,
			);
			defaultConfigurationIsVisible = 0;
			defaultConfigurationName = Release;
		};
/* End XCConfigurationList section */

/* Begin XCRemoteSwiftPackageReference section */
		C187CC8F2E7F11E9008DE02C /* XCRemoteSwiftPackageReference "SDWebImageSwiftUI" */ = {
			isa = XCRemoteSwiftPackageReference;
			repositoryURL = "https://github.com/SDWebImage/SDWebImageSwiftUI.git";
			requirement = {
				kind = upToNextMajorVersion;
				minimumVersion = 3.1.3;
			};
		};
		C190C6C02EC8504300882D5E /* XCRemoteSwiftPackageReference "firebase-ios-sdk" */ = {
			isa = XCRemoteSwiftPackageReference;
			repositoryURL = "https://github.com/firebase/firebase-ios-sdk";
			requirement = {
				kind = upToNextMajorVersion;
				minimumVersion = 12.6.0;
			};
		};
/* End XCRemoteSwiftPackageReference section */

/* Begin XCSwiftPackageProductDependency section */
		C187CC902E7F11E9008DE02C /* SDWebImageSwiftUI */ = {
			isa = XCSwiftPackageProductDependency;
			package = C187CC8F2E7F11E9008DE02C /* XCRemoteSwiftPackageReference "SDWebImageSwiftUI" */;
			productName = SDWebImageSwiftUI;
		};
		C190C6C12EC8515500882D5E /* FirebaseAI */ = {
			isa = XCSwiftPackageProductDependency;
			package = C190C6C02EC8504300882D5E /* XCRemoteSwiftPackageReference "firebase-ios-sdk" */;
			productName = FirebaseAI;
		};
		C190C6C32EC8515500882D5E /* FirebaseAILogic */ = {
			isa = XCSwiftPackageProductDependency;
			package = C190C6C02EC8504300882D5E /* XCRemoteSwiftPackageReference "firebase-ios-sdk" */;
			productName = FirebaseAILogic;
		};
		C190C6C52EC8515500882D5E /* FirebaseAnalytics */ = {
			isa = XCSwiftPackageProductDependency;
			package = C190C6C02EC8504300882D5E /* XCRemoteSwiftPackageReference "firebase-ios-sdk" */;
			productName = FirebaseAnalytics;
		};
		C190C6C72EC8515500882D5E /* FirebaseAuth */ = {
			isa = XCSwiftPackageProductDependency;
			package = C190C6C02EC8504300882D5E /* XCRemoteSwiftPackageReference "firebase-ios-sdk" */;
			productName = FirebaseAuth;
		};
		C190C6C92EC8515500882D5E /* FirebaseAuthCombine-Community */ = {
			isa = XCSwiftPackageProductDependency;
			package = C190C6C02EC8504300882D5E /* XCRemoteSwiftPackageReference "firebase-ios-sdk" */;
			productName = "FirebaseAuthCombine-Community";
		};
		C190C6CB2EC8515500882D5E /* FirebaseCore */ = {
			isa = XCSwiftPackageProductDependency;
			package = C190C6C02EC8504300882D5E /* XCRemoteSwiftPackageReference "firebase-ios-sdk" */;
			productName = FirebaseCore;
		};
		C190C6CD2EC8515500882D5E /* FirebaseDatabase */ = {
			isa = XCSwiftPackageProductDependency;
			package = C190C6C02EC8504300882D5E /* XCRemoteSwiftPackageReference "firebase-ios-sdk" */;
			productName = FirebaseDatabase;
		};
		C190C6CF2EC8515500882D5E /* FirebaseFirestore */ = {
			isa = XCSwiftPackageProductDependency;
			package = C190C6C02EC8504300882D5E /* XCRemoteSwiftPackageReference "firebase-ios-sdk" */;
			productName = FirebaseFirestore;
		};
		C190C6D12EC8515500882D5E /* FirebaseFunctions */ = {
			isa = XCSwiftPackageProductDependency;
			package = C190C6C02EC8504300882D5E /* XCRemoteSwiftPackageReference "firebase-ios-sdk" */;
			productName = FirebaseFunctions;
		};
		C190C6D32EC8515500882D5E /* FirebaseInstallations */ = {
			isa = XCSwiftPackageProductDependency;
			package = C190C6C02EC8504300882D5E /* XCRemoteSwiftPackageReference "firebase-ios-sdk" */;
			productName = FirebaseInstallations;
		};
		C190C6D52EC8515500882D5E /* FirebasePerformance */ = {
			isa = XCSwiftPackageProductDependency;
			package = C190C6C02EC8504300882D5E /* XCRemoteSwiftPackageReference "firebase-ios-sdk" */;
			productName = FirebasePerformance;
		};
		C190C6D72EC8515500882D5E /* FirebaseRemoteConfig */ = {
			isa = XCSwiftPackageProductDependency;
			package = C190C6C02EC8504300882D5E /* XCRemoteSwiftPackageReference "firebase-ios-sdk" */;
			productName = FirebaseRemoteConfig;
		};
		C190C6D92EC8515500882D5E /* FirebaseStorage */ = {
			isa = XCSwiftPackageProductDependency;
			package = C190C6C02EC8504300882D5E /* XCRemoteSwiftPackageReference "firebase-ios-sdk" */;
			productName = FirebaseStorage;
		};
		C190C6DB2EC8515500882D5E /* FirebaseStorageCombine-Community */ = {
			isa = XCSwiftPackageProductDependency;
			package = C190C6C02EC8504300882D5E /* XCRemoteSwiftPackageReference "firebase-ios-sdk" */;
			productName = "FirebaseStorageCombine-Community";
		};
/* End XCSwiftPackageProductDependency section */
	};
	rootObject = C187CC5D2E7F1178008DE02C /* Project object */;
}
